// !$*UTF8*$!
{
	archiveVersion = 1;
	classes = {
	};
	objectVersion = 46;
	objects = {

/* Begin PBXBuildFile section */
		6138460DDF040217A62D4F21 /* SceneDelegate.swift in Sources */ = {isa = PBXBuildFile; fileRef = 61384E6B82318A6C53B47900 /* SceneDelegate.swift */; };
		6138490918A5B4CEF285B192 /* ViewController.swift in Sources */ = {isa = PBXBuildFile; fileRef = 613845EB1C502F0E8730DC12 /* ViewController.swift */; };
		61384CF7344BF49C7990FA50 /* Main.storyboard in Resources */ = {isa = PBXBuildFile; fileRef = 61384A7809E01208F6214A90 /* Main.storyboard */; };
		61384D647F203024590BFDFC /* LaunchScreen.storyboard in Resources */ = {isa = PBXBuildFile; fileRef = 6138410C1EA6A4A8CE3342C0 /* LaunchScreen.storyboard */; };
		61384EAB54EEF9E97F939482 /* AppDelegate.swift in Sources */ = {isa = PBXBuildFile; fileRef = 61384312AD776E58B60C5AB3 /* AppDelegate.swift */; };
		61384F2E4ADC94C8F368A1CE /* Assets.xcassets in Resources */ = {isa = PBXBuildFile; fileRef = 61384756B2E5772E0178782F /* Assets.xcassets */; };
/* End PBXBuildFile section */

/* Begin PBXFileReference section */
		613840B113B9616525D7889E /* DependencyDiagramAndComposition.app */ = {isa = PBXFileReference; explicitFileType = wrapper.application; includeInIndex = 0; path = DependencyDiagramAndComposition.app; sourceTree = BUILT_PRODUCTS_DIR; };
		613840D5247DDCFAACEEAD46 /* Base */ = {isa = PBXFileReference; lastKnownFileType = file.storyboard; name = Base; path = Base.lproj/LaunchScreen.storyboard; sourceTree = "<group>"; };
		613842C662F04EDC581AA412 /* Info.plist */ = {isa = PBXFileReference; lastKnownFileType = text.plist.info; path = Info.plist; sourceTree = "<group>"; };
		61384312AD776E58B60C5AB3 /* AppDelegate.swift */ = {isa = PBXFileReference; lastKnownFileType = sourcecode.swift; path = AppDelegate.swift; sourceTree = "<group>"; };
		613845EB1C502F0E8730DC12 /* ViewController.swift */ = {isa = PBXFileReference; lastKnownFileType = sourcecode.swift; path = ViewController.swift; sourceTree = "<group>"; };
		61384756B2E5772E0178782F /* Assets.xcassets */ = {isa = PBXFileReference; lastKnownFileType = folder.assetcatalog; path = Assets.xcassets; sourceTree = "<group>"; };
		613847A975CFBF5D9F7F7FAF /* Base */ = {isa = PBXFileReference; lastKnownFileType = file.storyboard; name = Base; path = Base.lproj/Main.storyboard; sourceTree = "<group>"; };
		61384E6B82318A6C53B47900 /* SceneDelegate.swift */ = {isa = PBXFileReference; lastKnownFileType = sourcecode.swift; path = SceneDelegate.swift; sourceTree = "<group>"; };
/* End PBXFileReference section */

/* Begin PBXFrameworksBuildPhase section */
		61384D2D275D804726CB2F8B /* Frameworks */ = {
			isa = PBXFrameworksBuildPhase;
			buildActionMask = 2147483647;
			files = (
			);
			runOnlyForDeploymentPostprocessing = 0;
		};
/* End PBXFrameworksBuildPhase section */

/* Begin PBXGroup section */
		6138402F9B6FB318398D0AB2 /* DependencyDiagramAndComposition */ = {
			isa = PBXGroup;
			children = (
				613842C662F04EDC581AA412 /* Info.plist */,
				61384756B2E5772E0178782F /* Assets.xcassets */,
				61384312AD776E58B60C5AB3 /* AppDelegate.swift */,
				6138410C1EA6A4A8CE3342C0 /* LaunchScreen.storyboard */,
				61384E6B82318A6C53B47900 /* SceneDelegate.swift */,
				613845EB1C502F0E8730DC12 /* ViewController.swift */,
				61384A7809E01208F6214A90 /* Main.storyboard */,
			);
			path = DependencyDiagramAndComposition;
			sourceTree = "<group>";
		};
		61384157CE1D63CFE9878A3B /* Products */ = {
			isa = PBXGroup;
			children = (
				613840B113B9616525D7889E /* DependencyDiagramAndComposition.app */,
			);
			name = Products;
			sourceTree = "<group>";
		};
		61384BD5C92BBE503996A185 = {
			isa = PBXGroup;
			children = (
				61384157CE1D63CFE9878A3B /* Products */,
				6138402F9B6FB318398D0AB2 /* DependencyDiagramAndComposition */,
			);
			sourceTree = "<group>";
		};
/* End PBXGroup section */

/* Begin PBXNativeTarget section */
		61384BD15E0E407106F48C33 /* DependencyDiagramAndComposition */ = {
			isa = PBXNativeTarget;
			buildConfigurationList = 61384F37AC791FAA234CB125 /* Build configuration list for PBXNativeTarget "DependencyDiagramAndComposition" */;
			buildPhases = (
				6138454EA68C32CD5A646656 /* Sources */,
				61384D2D275D804726CB2F8B /* Frameworks */,
				61384D573C13BD08501122D2 /* Resources */,
			);
			buildRules = (
			);
			dependencies = (
			);
			name = DependencyDiagramAndComposition;
			productName = DependencyDiagramAndComposition;
			productReference = 613840B113B9616525D7889E /* DependencyDiagramAndComposition.app */;
			productType = "com.apple.product-type.application";
		};
/* End PBXNativeTarget section */

/* Begin PBXProject section */
		61384D3FFFC022FFAA8DA1C8 /* Project object */ = {
			isa = PBXProject;
			buildConfigurationList = 6138468E928D6E0D9CE2A099 /* Build configuration list for PBXProject "DependencyDiagramAndComposition" */;
			compatibilityVersion = "Xcode 3.2";
			developmentRegion = English;
			hasScannedForEncodings = 0;
			knownRegions = (
				en,
			);
			mainGroup = 61384BD5C92BBE503996A185;
			productRefGroup = 61384157CE1D63CFE9878A3B /* Products */;
			projectDirPath = "";
			projectRoot = "";
			targets = (
				61384BD15E0E407106F48C33 /* DependencyDiagramAndComposition */,
			);
		};
/* End PBXProject section */

/* Begin PBXResourcesBuildPhase section */
		61384D573C13BD08501122D2 /* Resources */ = {
			isa = PBXResourcesBuildPhase;
			buildActionMask = 2147483647;
			files = (
				61384F2E4ADC94C8F368A1CE /* Assets.xcassets in Resources */,
				61384D647F203024590BFDFC /* LaunchScreen.storyboard in Resources */,
				61384CF7344BF49C7990FA50 /* Main.storyboard in Resources */,
			);
			runOnlyForDeploymentPostprocessing = 0;
		};
/* End PBXResourcesBuildPhase section */

/* Begin PBXSourcesBuildPhase section */
		6138454EA68C32CD5A646656 /* Sources */ = {
			isa = PBXSourcesBuildPhase;
			buildActionMask = 2147483647;
			files = (
				61384EAB54EEF9E97F939482 /* AppDelegate.swift in Sources */,
				6138460DDF040217A62D4F21 /* SceneDelegate.swift in Sources */,
				6138490918A5B4CEF285B192 /* ViewController.swift in Sources */,
			);
			runOnlyForDeploymentPostprocessing = 0;
		};
/* End PBXSourcesBuildPhase section */

/* Begin PBXVariantGroup section */
		6138410C1EA6A4A8CE3342C0 /* LaunchScreen.storyboard */ = {
			isa = PBXVariantGroup;
			children = (
				613840D5247DDCFAACEEAD46 /* Base */,
			);
			name = LaunchScreen.storyboard;
			sourceTree = "<group>";
		};
		61384A7809E01208F6214A90 /* Main.storyboard */ = {
			isa = PBXVariantGroup;
			children = (
				613847A975CFBF5D9F7F7FAF /* Base */,
			);
			name = Main.storyboard;
			sourceTree = "<group>";
		};
/* End PBXVariantGroup section */

/* Begin XCBuildConfiguration section */
		6138455C9A6E1F235CFC6FA1 /* Debug */ = {
			isa = XCBuildConfiguration;
			buildSettings = {
				ASSETCATALOG_COMPILER_APPICON_NAME = AppIcon;
				ASSETCATALOG_COMPILER_GLOBAL_ACCENT_COLOR_NAME = AccentColor;
				INFOPLIST_FILE = DependencyDiagramAndComposition/Info.plist;
				LD_RUNPATH_SEARCH_PATHS = "$(inherited) @executable_path/Frameworks";
				PRODUCT_BUNDLE_IDENTIFIER = com.monorailapps.DependencyDiagramAndComposition;
				PRODUCT_NAME = "$(TARGET_NAME)";
				SWIFT_VERSION = 5.0;
				TARGETED_DEVICE_FAMILY = "1,2";
			};
			name = Debug;
		};
		613849EC36E55C01796EF9ED /* Release */ = {
			isa = XCBuildConfiguration;
			buildSettings = {
				ASSETCATALOG_COMPILER_APPICON_NAME = AppIcon;
				ASSETCATALOG_COMPILER_GLOBAL_ACCENT_COLOR_NAME = AccentColor;
				INFOPLIST_FILE = DependencyDiagramAndComposition/Info.plist;
				LD_RUNPATH_SEARCH_PATHS = "$(inherited) @executable_path/Frameworks";
				PRODUCT_BUNDLE_IDENTIFIER = com.monorailapps.DependencyDiagramAndComposition;
				PRODUCT_NAME = "$(TARGET_NAME)";
				SWIFT_VERSION = 5.0;
				TARGETED_DEVICE_FAMILY = "1,2";
			};
			name = Release;
		};
		61384D20BEEACAF84BC21A10 /* Release */ = {
			isa = XCBuildConfiguration;
			buildSettings = {
				ALWAYS_SEARCH_USER_PATHS = NO;
				CLANG_ANALYZER_NONNULL = YES;
				CLANG_ANALYZER_NUMBER_OBJECT_CONVERSION = YES_AGGRESSIVE;
				CLANG_CXX_LANGUAGE_STANDARD = "gnu++14";
				CLANG_CXX_LIBRARY = "libc++";
				CLANG_ENABLE_MODULES = YES;
				CLANG_ENABLE_OBJC_ARC = YES;
				CLANG_ENABLE_OBJC_WEAK = YES;
				CLANG_WARN_BLOCK_CAPTURE_AUTORELEASING = YES;
				CLANG_WARN_BOOL_CONVERSION = YES;
				CLANG_WARN_COMMA = YES;
				CLANG_WARN_CONSTANT_CONVERSION = YES;
				CLANG_WARN_DEPRECATED_OBJC_IMPLEMENTATIONS = YES;
				CLANG_WARN_DIRECT_OBJC_ISA_USAGE = YES_ERROR;
				CLANG_WARN_DOCUMENTATION_COMMENTS = YES;
				CLANG_WARN_EMPTY_BODY = YES;
				CLANG_WARN_ENUM_CONVERSION = YES;
				CLANG_WARN_INFINITE_RECURSION = YES;
				CLANG_WARN_INT_CONVERSION = YES;
				CLANG_WARN_NON_LITERAL_NULL_CONVERSION = YES;
				CLANG_WARN_OBJC_IMPLICIT_RETAIN_SELF = YES;
				CLANG_WARN_OBJC_LITERAL_CONVERSION = YES;
				CLANG_WARN_OBJC_ROOT_CLASS = YES_ERROR;
				CLANG_WARN_QUOTED_INCLUDE_IN_FRAMEWORK_HEADER = YES;
				CLANG_WARN_RANGE_LOOP_ANALYSIS = YES;
				CLANG_WARN_STRICT_PROTOTYPES = YES;
				CLANG_WARN_SUSPICIOUS_MOVE = YES;
				CLANG_WARN_UNGUARDED_AVAILABILITY = YES_AGGRESSIVE;
				CLANG_WARN_UNREACHABLE_CODE = YES;
				CLANG_WARN__DUPLICATE_METHOD_MATCH = YES;
				COPY_PHASE_STRIP = NO;
				DEBUG_INFORMATION_FORMAT = "dwarf-with-dsym";
				ENABLE_NS_ASSERTIONS = NO;
				ENABLE_STRICT_OBJC_MSGSEND = YES;
				GCC_C_LANGUAGE_STANDARD = gnu11;
				GCC_NO_COMMON_BLOCKS = YES;
				GCC_WARN_64_TO_32_BIT_CONVERSION = YES;
				GCC_WARN_ABOUT_RETURN_TYPE = YES_ERROR;
				GCC_WARN_UNDECLARED_SELECTOR = YES;
				GCC_WARN_UNINITIALIZED_AUTOS = YES_AGGRESSIVE;
				GCC_WARN_UNUSED_FUNCTION = YES;
				GCC_WARN_UNUSED_VARIABLE = YES;
				IPHONEOS_DEPLOYMENT_TARGET = 14.4;
				MTL_ENABLE_DEBUG_INFO = NO;
				MTL_FAST_MATH = YES;
				SDKROOT = iphoneos;
				SWIFT_COMPILATION_MODE = wholemodule;
				SWIFT_OPTIMIZATION_LEVEL = "-O";
				VALIDATE_PRODUCT = YES;
			};
			name = Release;
		};
		61384F09A4E84FC69C7371BD /* Debug */ = {
			isa = XCBuildConfiguration;
			buildSettings = {
				ALWAYS_SEARCH_USER_PATHS = NO;
				CLANG_ANALYZER_NONNULL = YES;
				CLANG_ANALYZER_NUMBER_OBJECT_CONVERSION = YES_AGGRESSIVE;
				CLANG_CXX_LANGUAGE_STANDARD = "gnu++14";
				CLANG_CXX_LIBRARY = "libc++";
				CLANG_ENABLE_MODULES = YES;
				CLANG_ENABLE_OBJC_ARC = YES;
				CLANG_ENABLE_OBJC_WEAK = YES;
				CLANG_WARN_BLOCK_CAPTURE_AUTORELEASING = YES;
				CLANG_WARN_BOOL_CONVERSION = YES;
				CLANG_WARN_COMMA = YES;
				CLANG_WARN_CONSTANT_CONVERSION = YES;
				CLANG_WARN_DEPRECATED_OBJC_IMPLEMENTATIONS = YES;
				CLANG_WARN_DIRECT_OBJC_ISA_USAGE = YES_ERROR;
				CLANG_WARN_DOCUMENTATION_COMMENTS = YES;
				CLANG_WARN_EMPTY_BODY = YES;
				CLANG_WARN_ENUM_CONVERSION = YES;
				CLANG_WARN_INFINITE_RECURSION = YES;
				CLANG_WARN_INT_CONVERSION = YES;
				CLANG_WARN_NON_LITERAL_NULL_CONVERSION = YES;
				CLANG_WARN_OBJC_IMPLICIT_RETAIN_SELF = YES;
				CLANG_WARN_OBJC_LITERAL_CONVERSION = YES;
				CLANG_WARN_OBJC_ROOT_CLASS = YES_ERROR;
				CLANG_WARN_QUOTED_INCLUDE_IN_FRAMEWORK_HEADER = YES;
				CLANG_WARN_RANGE_LOOP_ANALYSIS = YES;
				CLANG_WARN_STRICT_PROTOTYPES = YES;
				CLANG_WARN_SUSPICIOUS_MOVE = YES;
				CLANG_WARN_UNGUARDED_AVAILABILITY = YES_AGGRESSIVE;
				CLANG_WARN_UNREACHABLE_CODE = YES;
				CLANG_WARN__DUPLICATE_METHOD_MATCH = YES;
				COPY_PHASE_STRIP = NO;
				DEBUG_INFORMATION_FORMAT = dwarf;
				ENABLE_STRICT_OBJC_MSGSEND = YES;
				ENABLE_TESTABILITY = YES;
				GCC_C_LANGUAGE_STANDARD = gnu11;
				GCC_DYNAMIC_NO_PIC = NO;
				GCC_NO_COMMON_BLOCKS = YES;
				GCC_OPTIMIZATION_LEVEL = 0;
				GCC_PREPROCESSOR_DEFINITIONS = (
					"DEBUG=1",
					"$(inherited)",
				);
				GCC_WARN_64_TO_32_BIT_CONVERSION = YES;
				GCC_WARN_ABOUT_RETURN_TYPE = YES_ERROR;
				GCC_WARN_UNDECLARED_SELECTOR = YES;
				GCC_WARN_UNINITIALIZED_AUTOS = YES_AGGRESSIVE;
				GCC_WARN_UNUSED_FUNCTION = YES;
				GCC_WARN_UNUSED_VARIABLE = YES;
				IPHONEOS_DEPLOYMENT_TARGET = 14.4;
				MTL_ENABLE_DEBUG_INFO = INCLUDE_SOURCE;
				MTL_FAST_MATH = YES;
				ONLY_ACTIVE_ARCH = YES;
				SDKROOT = iphoneos;
				SWIFT_ACTIVE_COMPILATION_CONDITIONS = DEBUG;
				SWIFT_OPTIMIZATION_LEVEL = "-Onone";
			};
			name = Debug;
		};
/* End XCBuildConfiguration section */

/* Begin XCConfigurationList section */
		6138468E928D6E0D9CE2A099 /* Build configuration list for PBXProject "DependencyDiagramAndComposition" */ = {
			isa = XCConfigurationList;
			buildConfigurations = (
				61384F09A4E84FC69C7371BD /* Debug */,
				61384D20BEEACAF84BC21A10 /* Release */,
			);
			defaultConfigurationIsVisible = 0;
			defaultConfigurationName = Release;
		};
		61384F37AC791FAA234CB125 /* Build configuration list for PBXNativeTarget "DependencyDiagramAndComposition" */ = {
			isa = XCConfigurationList;
			buildConfigurations = (
				6138455C9A6E1F235CFC6FA1 /* Debug */,
				613849EC36E55C01796EF9ED /* Release */,
			);
			defaultConfigurationIsVisible = 0;
		};
/* End XCConfigurationList section */
	};
	rootObject = 61384D3FFFC022FFAA8DA1C8 /* Project object */;
}
